schema: '2.0'
stages:
  load_data:
    cmd: python src/load_data.py --config=params.yaml
    deps:
    - path: data_given/SeoulBikeData.csv
      md5: 4ec879231f9c38e97dd87049bdb61c18
      size: 604166
    - path: src/get_data.py
      md5: 1a578b1b0e4ea3a5289e41499315e173
      size: 691
    - path: src/load_data.py
      md5: cef215f62bb4828210ea89ae958d270e
      size: 676
    outs:
    - path: data/raw/SeoulBikeData.csv
      md5: a6d3b8ad3d784589af177c1eb7a8cb4a
      size: 651736
  split_data:
    cmd: python src/split_data.py --config=params.yaml
    deps:
    - path: data/raw/SeoulBikeData.csv
      md5: a6d3b8ad3d784589af177c1eb7a8cb4a
      size: 651736
    - path: src/split_data.py
      md5: ca9d1e82b5e7b857277f84f8cccd7f83
      size: 1223
    outs:
    - path: data/processed/test_SeoulBikeData.csv
      md5: 23b61f7ea69a1edfcd57f8f9e929aa1b
      size: 134105
    - path: data/processed/train_SeoulBikeData.csv
      md5: fd2fe6d2555e59fd1a98b5049ee2e4cd
      size: 535365
